{
  "name": "@webreflection/x",
  "version": "0.1.4",
  "lockfileVersion": 3,
  "requires": true,
  "packages": {
    "": {
      "name": "@webreflection/x",
      "version": "0.1.4",
      "license": "MIT",
      "dependencies": {
        "create-contextual-content": "^0.1.0",
        "custom-function": "^1.0.6",
        "uparser": "^0.2.1"
      }
    },
    "node_modules/create-contextual-content": {
      "version": "0.1.0",
      "resolved": "https://registry.npmjs.org/create-contextual-content/-/create-contextual-content-0.1.0.tgz",
      "integrity": "sha512-6jMFQgdz1ASPVzwNHQuuA2UEnJ6YuVF9RiGldzjmneiRI7wgcbabibXydj48eiUA7pmPF5bI5sr5/fsvV8ITBw==",
      "license": "MIT"
    },
    "node_modules/custom-function": {
      "version": "1.0.6",
      "resolved": "https://registry.npmjs.org/custom-function/-/custom-function-1.0.6.tgz",
      "integrity": "sha512-styyvwOki/EYr+VBe7/m9xAjq6uKx87SpDKIpFRdTQnofBDSZpBEFc9qJLmaJihjjTeEpAIJ+nz+9fUXj+BPNQ==",
      "license": "ISC"
    },
    "node_modules/uparser": {
      "version": "0.2.1",
      "resolved": "https://registry.npmjs.org/uparser/-/uparser-0.2.1.tgz",
      "integrity": "sha512-hTwK8e+bAaER8gJBOysoFGjRPsX/xOthSPR/ieI9EgTf1rts9ey25tbDXIU0rDr/cGcLsvkCo1n8J/eccfAvvw==",
      "license": "ISC"
    }
  }
}
